
Microsoft Visual Studio Solution File, Format Version 12.00
# Visual Studio 15
VisualStudioVersion = 15.0.26124.0
MinimumVisualStudioVersion = 15.0.26124.0
Project("{2150E333-8FDC-42A3-9474-1A3956D46DE8}") = "src", "src", "{2CCA26B7-800C-4352-903C-B0099F2F79A6}"
EndProject
Project("{FAE04EC0-301F-11D3-BF4B-00C04F79EFBC}") = "dtu.blognet.Application.Web", "src\dtu.blognet.Application.Web\dtu.blognet.Application.Web.csproj", "{81E27DF4-39A6-4112-B7C2-DF89BC8738E2}"
EndProject
Project("{2150E333-8FDC-42A3-9474-1A3956D46DE8}") = "test", "test", "{356836D1-7D6A-4A30-8FC6-D8FF8428D644}"
EndProject
Project("{FAE04EC0-301F-11D3-BF4B-00C04F79EFBC}") = "dtu.blognet.Test.UnitTest", "test\dtu.blognet.Test.UnitTest\dtu.blognet.Test.UnitTest.csproj", "{1C783FA9-B4F9-4A5A-B00D-EAEFB0491E5E}"
EndProject
Project("{FAE04EC0-301F-11D3-BF4B-00C04F79EFBC}") = "dtu.blognet.Core.Entities", "src\dtu.blognet.Core.Entities\dtu.blognet.Core.Entities.csproj", "{B3C67BC8-A0F9-49D3-B884-3BC4A432037F}"
EndProject
Project("{FAE04EC0-301F-11D3-BF4B-00C04F79EFBC}") = "dtu.blognet.Infrastructure.DataAccess", "src\dtu.blognet.Infrastructure.DataAccess\dtu.blognet.Infrastructure.DataAccess.csproj", "{4478DB35-4435-4A6A-8EA6-C48D232E8237}"
EndProject
Global
	GlobalSection(SolutionConfigurationPlatforms) = preSolution
		Debug|Any CPU = Debug|Any CPU
		Debug|x64 = Debug|x64
		Debug|x86 = Debug|x86
		Release|Any CPU = Release|Any CPU
		Release|x64 = Release|x64
		Release|x86 = Release|x86
	EndGlobalSection
	GlobalSection(SolutionProperties) = preSolution
		HideSolutionNode = FALSE
	EndGlobalSection
	GlobalSection(ProjectConfigurationPlatforms) = postSolution
		{81E27DF4-39A6-4112-B7C2-DF89BC8738E2}.Debug|Any CPU.ActiveCfg = Debug|Any CPU
		{81E27DF4-39A6-4112-B7C2-DF89BC8738E2}.Debug|Any CPU.Build.0 = Debug|Any CPU
		{81E27DF4-39A6-4112-B7C2-DF89BC8738E2}.Release|Any CPU.ActiveCfg = Release|Any CPU
		{81E27DF4-39A6-4112-B7C2-DF89BC8738E2}.Release|Any CPU.Build.0 = Release|Any CPU
		{1C783FA9-B4F9-4A5A-B00D-EAEFB0491E5E}.Debug|Any CPU.ActiveCfg = Debug|Any CPU
		{1C783FA9-B4F9-4A5A-B00D-EAEFB0491E5E}.Debug|Any CPU.Build.0 = Debug|Any CPU
		{1C783FA9-B4F9-4A5A-B00D-EAEFB0491E5E}.Release|Any CPU.ActiveCfg = Release|Any CPU
		{1C783FA9-B4F9-4A5A-B00D-EAEFB0491E5E}.Release|Any CPU.Build.0 = Release|Any CPU
		{B3C67BC8-A0F9-49D3-B884-3BC4A432037F}.Debug|Any CPU.ActiveCfg = Debug|Any CPU
		{B3C67BC8-A0F9-49D3-B884-3BC4A432037F}.Debug|Any CPU.Build.0 = Debug|Any CPU
		{B3C67BC8-A0F9-49D3-B884-3BC4A432037F}.Release|Any CPU.ActiveCfg = Release|Any CPU
		{B3C67BC8-A0F9-49D3-B884-3BC4A432037F}.Release|Any CPU.Build.0 = Release|Any CPU
		{4478DB35-4435-4A6A-8EA6-C48D232E8237}.Debug|Any CPU.ActiveCfg = Debug|Any CPU
		{4478DB35-4435-4A6A-8EA6-C48D232E8237}.Debug|Any CPU.Build.0 = Debug|Any CPU
		{4478DB35-4435-4A6A-8EA6-C48D232E8237}.Release|Any CPU.ActiveCfg = Release|Any CPU
		{4478DB35-4435-4A6A-8EA6-C48D232E8237}.Release|Any CPU.Build.0 = Release|Any CPU
	EndGlobalSection
	GlobalSection(NestedProjects) = preSolution
		{81E27DF4-39A6-4112-B7C2-DF89BC8738E2} = {2CCA26B7-800C-4352-903C-B0099F2F79A6}
		{1C783FA9-B4F9-4A5A-B00D-EAEFB0491E5E} = {356836D1-7D6A-4A30-8FC6-D8FF8428D644}
		{B3C67BC8-A0F9-49D3-B884-3BC4A432037F} = {2CCA26B7-800C-4352-903C-B0099F2F79A6}
		{4478DB35-4435-4A6A-8EA6-C48D232E8237} = {2CCA26B7-800C-4352-903C-B0099F2F79A6}
	EndGlobalSection
EndGlobal
